
Microsoft Visual Studio Solution File, Format Version 12.00
# Visual Studio Version 17
VisualStudioVersion = 17.8.34408.163
MinimumVisualStudioVersion = 10.0.40219.1
Project("{9A19103F-16F7-4668-BE54-9A1E7A4F7556}") = "BulkyWeb", "BulkyWeb\BulkyWeb.csproj", "{349D735E-6A0F-447B-93CA-28CD3F6CE6D1}"
EndProject
Project("{FAE04EC0-301F-11D3-BF4B-00C04F79EFBC}") = "Bulky.DataAccess", "Bulky.DataAccess\Bulky.DataAccess.csproj", "{5CB53967-2C88-4712-B795-D76359D92FD6}"
EndProject
Project("{FAE04EC0-301F-11D3-BF4B-00C04F79EFBC}") = "Bulky.Models", "Bulky.Models\Bulky.Models.csproj", "{F8BEF58A-6141-41C2-9D46-16D654340CBE}"
EndProject
Project("{FAE04EC0-301F-11D3-BF4B-00C04F79EFBC}") = "Bulky.Utility", "Bulky.Utility\Bulky.Utility.csproj", "{2ACA729F-3FEC-442E-A6F2-CE51AE2B4EC3}"
EndProject
Global
	GlobalSection(SolutionConfigurationPlatforms) = preSolution
		Debug|Any CPU = Debug|Any CPU
		Release|Any CPU = Release|Any CPU
	EndGlobalSection
	GlobalSection(ProjectConfigurationPlatforms) = postSolution
		{349D735E-6A0F-447B-93CA-28CD3F6CE6D1}.Debug|Any CPU.ActiveCfg = Debug|Any CPU
		{349D735E-6A0F-447B-93CA-28CD3F6CE6D1}.Debug|Any CPU.Build.0 = Debug|Any CPU
		{349D735E-6A0F-447B-93CA-28CD3F6CE6D1}.Release|Any CPU.ActiveCfg = Release|Any CPU
		{349D735E-6A0F-447B-93CA-28CD3F6CE6D1}.Release|Any CPU.Build.0 = Release|Any CPU
		{5CB53967-2C88-4712-B795-D76359D92FD6}.Debug|Any CPU.ActiveCfg = Debug|Any CPU
		{5CB53967-2C88-4712-B795-D76359D92FD6}.Debug|Any CPU.Build.0 = Debug|Any CPU
		{5CB53967-2C88-4712-B795-D76359D92FD6}.Release|Any CPU.ActiveCfg = Release|Any CPU
		{5CB53967-2C88-4712-B795-D76359D92FD6}.Release|Any CPU.Build.0 = Release|Any CPU
		{F8BEF58A-6141-41C2-9D46-16D654340CBE}.Debug|Any CPU.ActiveCfg = Debug|Any CPU
		{F8BEF58A-6141-41C2-9D46-16D654340CBE}.Debug|Any CPU.Build.0 = Debug|Any CPU
		{F8BEF58A-6141-41C2-9D46-16D654340CBE}.Release|Any CPU.ActiveCfg = Release|Any CPU
		{F8BEF58A-6141-41C2-9D46-16D654340CBE}.Release|Any CPU.Build.0 = Release|Any CPU
		{2ACA729F-3FEC-442E-A6F2-CE51AE2B4EC3}.Debug|Any CPU.ActiveCfg = Debug|Any CPU
		{2ACA729F-3FEC-442E-A6F2-CE51AE2B4EC3}.Debug|Any CPU.Build.0 = Debug|Any CPU
		{2ACA729F-3FEC-442E-A6F2-CE51AE2B4EC3}.Release|Any CPU.ActiveCfg = Release|Any CPU
		{2ACA729F-3FEC-442E-A6F2-CE51AE2B4EC3}.Release|Any CPU.Build.0 = Release|Any CPU
	EndGlobalSection
	GlobalSection(SolutionProperties) = preSolution
		HideSolutionNode = FALSE
	EndGlobalSection
	GlobalSection(ExtensibilityGlobals) = postSolution
		SolutionGuid = {3BF8DE94-18F0-49E3-893E-E7E6A538F444}
	EndGlobalSection
EndGlobal
